
Microsoft Visual Studio Solution File, Format Version 12.00
# Visual Studio Version 17
VisualStudioVersion = 17.7.34031.279
MinimumVisualStudioVersion = 10.0.40219.1
Project("{FAE04EC0-301F-11D3-BF4B-00C04F79EFBC}") = "PHM", "PHM\PHM.csproj", "{CAF96F51-D02F-429D-A138-E73A79327940}"
EndProject
Global
	GlobalSection(SolutionConfigurationPlatforms) = preSolution
		Debug|Any CPU = Debug|Any CPU
		Release|Any CPU = Release|Any CPU
	EndGlobalSection
	GlobalSection(ProjectConfigurationPlatforms) = postSolution
		{CAF96F51-D02F-429D-A138-E73A79327940}.Debug|Any CPU.ActiveCfg = Debug|Any CPU
		{CAF96F51-D02F-429D-A138-E73A79327940}.Debug|Any CPU.Build.0 = Debug|Any CPU
		{CAF96F51-D02F-429D-A138-E73A79327940}.Release|Any CPU.ActiveCfg = Release|Any CPU
		{CAF96F51-D02F-429D-A138-E73A79327940}.Release|Any CPU.Build.0 = Release|Any CPU
	EndGlobalSection
	GlobalSection(SolutionProperties) = preSolution
		HideSolutionNode = FALSE
	EndGlobalSection
	GlobalSection(ExtensibilityGlobals) = postSolution
		SolutionGuid = {F6F0AA49-8EC3-4378-8615-E3D75A404F69}
	EndGlobalSection
EndGlobal
